
Microsoft Visual Studio Solution File, Format Version 12.00
# Visual Studio Version 17
VisualStudioVersion = 17.9.34902.65
MinimumVisualStudioVersion = 10.0.40219.1
Project("{9A19103F-16F7-4668-BE54-9A1E7A4F7556}") = "MacMapkerson", "MacMapkerson\MacMapkerson.csproj", "{653873AF-4A64-4D4A-B667-033962910E7A}"
EndProject
Project("{FAE04EC0-301F-11D3-BF4B-00C04F79EFBC}") = "Desinsectaciones", "Desinsectaciones\Desinsectaciones.csproj", "{C3B83888-6A75-4D7F-82E8-4A5E257E0960}"
EndProject
Global
	GlobalSection(SolutionConfigurationPlatforms) = preSolution
		Debug|Any CPU = Debug|Any CPU
		Release|Any CPU = Release|Any CPU
	EndGlobalSection
	GlobalSection(ProjectConfigurationPlatforms) = postSolution
		{653873AF-4A64-4D4A-B667-033962910E7A}.Debug|Any CPU.ActiveCfg = Debug|Any CPU
		{653873AF-4A64-4D4A-B667-033962910E7A}.Debug|Any CPU.Build.0 = Debug|Any CPU
		{653873AF-4A64-4D4A-B667-033962910E7A}.Release|Any CPU.ActiveCfg = Release|Any CPU
		{653873AF-4A64-4D4A-B667-033962910E7A}.Release|Any CPU.Build.0 = Release|Any CPU
		{C3B83888-6A75-4D7F-82E8-4A5E257E0960}.Debug|Any CPU.ActiveCfg = Debug|Any CPU
		{C3B83888-6A75-4D7F-82E8-4A5E257E0960}.Debug|Any CPU.Build.0 = Debug|Any CPU
		{C3B83888-6A75-4D7F-82E8-4A5E257E0960}.Release|Any CPU.ActiveCfg = Release|Any CPU
		{C3B83888-6A75-4D7F-82E8-4A5E257E0960}.Release|Any CPU.Build.0 = Release|Any CPU
	EndGlobalSection
	GlobalSection(SolutionProperties) = preSolution
		HideSolutionNode = FALSE
	EndGlobalSection
	GlobalSection(ExtensibilityGlobals) = postSolution
		SolutionGuid = {34A3BC21-93A7-4114-B112-4CDD413D45A6}
	EndGlobalSection
EndGlobal
